
Microsoft Visual Studio Solution File, Format Version 12.00
# Visual Studio 15
VisualStudioVersion = 15.0.28307.852
MinimumVisualStudioVersion = 10.0.40219.1
Project("{9A19103F-16F7-4668-BE54-9A1E7A4F7556}") = "WebApiApp", "WebApiApp\WebApiApp.csproj", "{AF3CD407-6768-4CC1-B303-7FA391BD5F1B}"
EndProject
Project("{FAE04EC0-301F-11D3-BF4B-00C04F79EFBC}") = "App.BLL", "App.BLL\App.BLL.csproj", "{1C3FC9FC-B72D-4C01-A38B-6E41C6B45A2A}"
EndProject
Project("{FAE04EC0-301F-11D3-BF4B-00C04F79EFBC}") = "App.BLLTests", "App.BLLTests\App.BLLTests.csproj", "{DAC2756D-E277-49C0-8DC4-0692B4A5F7A6}"
EndProject
Project("{2150E333-8FDC-42A3-9474-1A3956D46DE8}") = "TestInCore", "TestInCore", "{5BD6DC1C-197F-4914-A53D-9D9FEEA02AA2}"
EndProject
Project("{FAE04EC0-301F-11D3-BF4B-00C04F79EFBC}") = "AppCore.BLL", "AppCore.BLL\AppCore.BLL.csproj", "{FC2B32C6-24CE-41C0-9F72-534F63F61C39}"
EndProject
Project("{FAE04EC0-301F-11D3-BF4B-00C04F79EFBC}") = "AppCore.BLLTests", "AppCore.BLLTests\AppCore.BLLTests.csproj", "{DFDD2E76-41A3-4236-8794-64BE6E5AD683}"
EndProject
Global
	GlobalSection(SolutionConfigurationPlatforms) = preSolution
		Debug|Any CPU = Debug|Any CPU
		Release|Any CPU = Release|Any CPU
	EndGlobalSection
	GlobalSection(ProjectConfigurationPlatforms) = postSolution
		{AF3CD407-6768-4CC1-B303-7FA391BD5F1B}.Debug|Any CPU.ActiveCfg = Debug|Any CPU
		{AF3CD407-6768-4CC1-B303-7FA391BD5F1B}.Debug|Any CPU.Build.0 = Debug|Any CPU
		{AF3CD407-6768-4CC1-B303-7FA391BD5F1B}.Release|Any CPU.ActiveCfg = Release|Any CPU
		{AF3CD407-6768-4CC1-B303-7FA391BD5F1B}.Release|Any CPU.Build.0 = Release|Any CPU
		{1C3FC9FC-B72D-4C01-A38B-6E41C6B45A2A}.Debug|Any CPU.ActiveCfg = Debug|Any CPU
		{1C3FC9FC-B72D-4C01-A38B-6E41C6B45A2A}.Debug|Any CPU.Build.0 = Debug|Any CPU
		{1C3FC9FC-B72D-4C01-A38B-6E41C6B45A2A}.Release|Any CPU.ActiveCfg = Release|Any CPU
		{1C3FC9FC-B72D-4C01-A38B-6E41C6B45A2A}.Release|Any CPU.Build.0 = Release|Any CPU
		{DAC2756D-E277-49C0-8DC4-0692B4A5F7A6}.Debug|Any CPU.ActiveCfg = Debug|Any CPU
		{DAC2756D-E277-49C0-8DC4-0692B4A5F7A6}.Debug|Any CPU.Build.0 = Debug|Any CPU
		{DAC2756D-E277-49C0-8DC4-0692B4A5F7A6}.Release|Any CPU.ActiveCfg = Release|Any CPU
		{DAC2756D-E277-49C0-8DC4-0692B4A5F7A6}.Release|Any CPU.Build.0 = Release|Any CPU
		{FC2B32C6-24CE-41C0-9F72-534F63F61C39}.Debug|Any CPU.ActiveCfg = Debug|Any CPU
		{FC2B32C6-24CE-41C0-9F72-534F63F61C39}.Debug|Any CPU.Build.0 = Debug|Any CPU
		{FC2B32C6-24CE-41C0-9F72-534F63F61C39}.Release|Any CPU.ActiveCfg = Release|Any CPU
		{FC2B32C6-24CE-41C0-9F72-534F63F61C39}.Release|Any CPU.Build.0 = Release|Any CPU
		{DFDD2E76-41A3-4236-8794-64BE6E5AD683}.Debug|Any CPU.ActiveCfg = Debug|Any CPU
		{DFDD2E76-41A3-4236-8794-64BE6E5AD683}.Debug|Any CPU.Build.0 = Debug|Any CPU
		{DFDD2E76-41A3-4236-8794-64BE6E5AD683}.Release|Any CPU.ActiveCfg = Release|Any CPU
		{DFDD2E76-41A3-4236-8794-64BE6E5AD683}.Release|Any CPU.Build.0 = Release|Any CPU
	EndGlobalSection
	GlobalSection(SolutionProperties) = preSolution
		HideSolutionNode = FALSE
	EndGlobalSection
	GlobalSection(NestedProjects) = preSolution
		{FC2B32C6-24CE-41C0-9F72-534F63F61C39} = {5BD6DC1C-197F-4914-A53D-9D9FEEA02AA2}
		{DFDD2E76-41A3-4236-8794-64BE6E5AD683} = {5BD6DC1C-197F-4914-A53D-9D9FEEA02AA2}
	EndGlobalSection
	GlobalSection(ExtensibilityGlobals) = postSolution
		SolutionGuid = {2A141578-71D3-48AF-ABCE-FD5CB8450B4A}
	EndGlobalSection
EndGlobal
